
Microsoft Visual Studio Solution File, Format Version 12.00
# Visual Studio Version 16
VisualStudioVersion = 16.0.30523.141
MinimumVisualStudioVersion = 10.0.40219.1
Project("{9A19103F-16F7-4668-BE54-9A1E7A4F7556}") = "06Loops", "06Loops\06Loops.csproj", "{75B362A1-521C-4EBA-9C62-8DE8D65EC7F2}"
EndProject
Project("{9A19103F-16F7-4668-BE54-9A1E7A4F7556}") = "08Temperature", "08Temperature\08Temperature.csproj", "{349E7A64-EA0C-4B91-BFA4-3E8F4D1D58E2}"
EndProject
Project("{9A19103F-16F7-4668-BE54-9A1E7A4F7556}") = "HÜ04Saeulendiagramm", "Saeulendiagramm\HÜ04Saeulendiagramm.csproj", "{5EBD6468-63E9-480D-8E25-2810BED35FE9}"
EndProject
Project("{9A19103F-16F7-4668-BE54-9A1E7A4F7556}") = "HÜ04Zahlenkonvertierung", "Zahlenkonvertierung\HÜ04Zahlenkonvertierung.csproj", "{B4AD9D18-1E8C-4B3E-8743-11BC959409F4}"
EndProject
Project("{9A19103F-16F7-4668-BE54-9A1E7A4F7556}") = "10Fibonacci", "10Fibonacci\10Fibonacci.csproj", "{5749A4BF-7878-4661-90F2-8745CD1A22B1}"
EndProject
Project("{9A19103F-16F7-4668-BE54-9A1E7A4F7556}") = "11IBAN", "11IBAN\11IBAN.csproj", "{5096FFCA-AA6E-4AE6-9C9D-8D4503921D21}"
EndProject
Project("{9A19103F-16F7-4668-BE54-9A1E7A4F7556}") = "HÜ05_Platztausch_im_Array", "HÜ05_Platztausch_im_Array\HÜ05_Platztausch_im_Array.csproj", "{C8F8C152-3173-43B5-9128-5933DC0CA4E8}"
EndProject
Project("{9A19103F-16F7-4668-BE54-9A1E7A4F7556}") = "07Arrays", "07Arrays\07Arrays.csproj", "{09220AB0-BB54-4D7A-9AF1-C6AC88A27AA4}"
EndProject
Project("{9A19103F-16F7-4668-BE54-9A1E7A4F7556}") = "12FirstOOP", "12FirstOP\12FirstOOP.csproj", "{84B7EF0F-36C0-4BA4-995D-6A1A2176B2E2}"
EndProject
Project("{9A19103F-16F7-4668-BE54-9A1E7A4F7556}") = "09Prim", "09Prim\09Prim.csproj", "{514EF24D-88B4-4C90-A00D-B7A4A42D652D}"
EndProject
Project("{2150E333-8FDC-42A3-9474-1A3956D46DE8}") = "Solution Items", "Solution Items", "{5AA86782-92FE-4E41-8E55-2794F985F3A3}"
EndProject
Project("{9A19103F-16F7-4668-BE54-9A1E7A4F7556}") = "13Landwirt", "13Landwirt\13Landwirt.csproj", "{330BFE0F-7E99-4389-9A4B-D833CB212E49}"
EndProject
Project("{9A19103F-16F7-4668-BE54-9A1E7A4F7556}") = "14MatheTrainer", "14MatheTrainer\14MatheTrainer.csproj", "{B914889C-48FF-4AF1-8853-DA87C752162D}"
EndProject
Project("{9A19103F-16F7-4668-BE54-9A1E7A4F7556}") = "HÜ06", "HÜ06\HÜ06.csproj", "{8044C018-6E69-4C6B-812F-21964433B77D}"
EndProject
Project("{9A19103F-16F7-4668-BE54-9A1E7A4F7556}") = "15Rectangle", "15Rectangle\15Rectangle.csproj", "{DD4D95AC-5E07-4C13-9147-968031177CAC}"
EndProject
Project("{9A19103F-16F7-4668-BE54-9A1E7A4F7556}") = "16StopWatch", "16StopWatch\16StopWatch.csproj", "{64FE58A1-15FC-4F6C-812C-4E5D86EF7A37}"
EndProject
Project("{9A19103F-16F7-4668-BE54-9A1E7A4F7556}") = "17DateTime_Demo", "17DateTime_Demo\17DateTime_Demo.csproj", "{3C9534B9-537C-457D-804C-E487FB5B3F18}"
EndProject
Project("{9A19103F-16F7-4668-BE54-9A1E7A4F7556}") = "Test2_Übungsbeispiel_1", "Test2_Übungsbeispiel_1\Test2_Übungsbeispiel_1.csproj", "{FA084F46-EEFB-4FCE-A818-944D4F133B48}"
EndProject
Project("{9A19103F-16F7-4668-BE54-9A1E7A4F7556}") = "Test2_Uebungsbeispiel 2", "Test2_Uebungsbeispiel 2\Test2_Uebungsbeispiel 2.csproj", "{85BFCACC-FB1E-41EB-A7A8-247E19266CF3}"
EndProject
Project("{9A19103F-16F7-4668-BE54-9A1E7A4F7556}") = "Test2_Uebungsbeispiel_3", "Test2_Uebungsbeispiel_3\Test2_Uebungsbeispiel_3.csproj", "{AAA67BA0-4A06-4DE1-A12C-2D6BB21E8007}"
EndProject
Project("{9A19103F-16F7-4668-BE54-9A1E7A4F7556}") = "HÜ07", "HÜ07\HÜ07.csproj", "{CD013AE1-F227-439F-9C55-3CED63C5A509}"
EndProject
Project("{9A19103F-16F7-4668-BE54-9A1E7A4F7556}") = "Test2_Uebungsbeispiel_4", "Test2_Uebungsbeispiel_4\Test2_Uebungsbeispiel_4.csproj", "{6C78758F-CFDF-49F9-942A-CCA03888171B}"
EndProject
Project("{9A19103F-16F7-4668-BE54-9A1E7A4F7556}") = "Test2_Arrays_Uebungsbeispiel_1", "Test2_Arrays_Uebungsbeispiel_1\Test2_Arrays_Uebungsbeispiel_1.csproj", "{38614E11-191E-4332-9830-25B26BF21229}"
EndProject
Project("{9A19103F-16F7-4668-BE54-9A1E7A4F7556}") = "Test2_Arrays_Uebungsbeispiel_2", "Test2_Arrays_Uebungsbeispiel_2\Test2_Arrays_Uebungsbeispiel_2.csproj", "{3C512315-92C7-40F6-985E-5B0A78E506EF}"
EndProject
Project("{9A19103F-16F7-4668-BE54-9A1E7A4F7556}") = "Test2_Arrays_Uebungsbeispiel_3", "Test2_Arrays_Uebungsbeispiele_3\Test2_Arrays_Uebungsbeispiel_3.csproj", "{3A84E5BF-4D3B-4F7D-B638-6DB9D64D7326}"
EndProject
Project("{9A19103F-16F7-4668-BE54-9A1E7A4F7556}") = "Test2_Arrays_Uebungsbeispiel_4", "Test2_Arrays_Uebungsbeispiel_4\Test2_Arrays_Uebungsbeispiel_4.csproj", "{68A82682-5B9E-4BF6-88F2-EAE66AD40D2D}"
EndProject
Project("{9A19103F-16F7-4668-BE54-9A1E7A4F7556}") = "Test2_Arrays_Uebungsbeispiel_5", "Test2_Arrays_Uebungsbeispiel_5\Test2_Arrays_Uebungsbeispiel_5.csproj", "{B67A5401-CE9F-4722-BFBD-4EDDC1E3EC76}"
EndProject
Project("{9A19103F-16F7-4668-BE54-9A1E7A4F7556}") = "Test2_DateTime_Uebungsbeispiel_1", "Test2_DateTime_Uebungsbeispiel_1\Test2_DateTime_Uebungsbeispiel_1.csproj", "{838DC07A-64C0-4B63-9EA9-C7D74AFB839E}"
EndProject
Project("{9A19103F-16F7-4668-BE54-9A1E7A4F7556}") = "Test2_Datetime_Uebungsbeispiel_2", "Test2_Datetime_Uebungsbeispiel_2\Test2_Datetime_Uebungsbeispiel_2.csproj", "{4E2DE762-E0F6-45AD-B1C9-39878994BE8D}"
EndProject
Project("{9A19103F-16F7-4668-BE54-9A1E7A4F7556}") = "Test2_DateTime_Uebungsbeispiel_3", "Test2_DateTime_Uebungsbeispiel_3\Test2_DateTime_Uebungsbeispiel_3.csproj", "{2110261E-D792-4050-BC81-738504AE2615}"
EndProject
Project("{9A19103F-16F7-4668-BE54-9A1E7A4F7556}") = "Test2_DateTime_Uebungsbeispiel_4", "Test2_DateTime_Uebungsbeispiel_4\Test2_DateTime_Uebungsbeispiel_4.csproj", "{48CB1ED2-4224-4998-957D-6D2C8AFEB7F2}"
EndProject
Project("{9A19103F-16F7-4668-BE54-9A1E7A4F7556}") = "Test2_OOP_Uebungsbeispiel_1", "Test2_OOP_Uebungsbeispiel_1\Test2_OOP_Uebungsbeispiel_1.csproj", "{C01F8224-92DC-488A-BF7D-54B8F7466DFC}"
EndProject
Project("{9A19103F-16F7-4668-BE54-9A1E7A4F7556}") = "Test2_OOP_Uebungsbeispiel_2", "Test2_OOP_Uebungsbeispiel_2\Test2_OOP_Uebungsbeispiel_2.csproj", "{A95447CF-7E03-4C86-8EDC-E2A969795913}"
EndProject
Project("{2150E333-8FDC-42A3-9474-1A3956D46DE8}") = "Hausübungen", "Hausübungen", "{8250C070-CC47-45FD-BCB8-0F31E9A4B6DA}"
EndProject
Project("{2150E333-8FDC-42A3-9474-1A3956D46DE8}") = "Test2_Uebungsbeispiele", "Test2_Uebungsbeispiele", "{C649E46C-7840-45E6-8B9B-CFBD59C2628D}"
EndProject
Project("{9A19103F-16F7-4668-BE54-9A1E7A4F7556}") = "18InvoiceManager", "18InvoiceManager\18InvoiceManager.csproj", "{6ED4A5CE-4F80-4B1C-AB9B-691EF6E27D61}"
EndProject
Project("{9A19103F-16F7-4668-BE54-9A1E7A4F7556}") = "Probieren", "Probieren\Probieren.csproj", "{7DED6BBF-650C-4514-9007-E83BAB9C249B}"
EndProject
Project("{2150E333-8FDC-42A3-9474-1A3956D46DE8}") = "Test_2", "Test_2", "{5CE2E35D-11EE-44DF-8833-D8C4ADB99222}"
EndProject
Project("{9A19103F-16F7-4668-BE54-9A1E7A4F7556}") = "01Test", "01Test\01Test.csproj", "{86AA0E7D-06A5-4AA5-845F-5DC658D2B5C7}"
EndProject
Project("{9A19103F-16F7-4668-BE54-9A1E7A4F7556}") = "02Test", "02Test\02Test.csproj", "{11EC094D-BBF9-4806-B674-A5784D54DD0C}"
EndProject
Project("{9A19103F-16F7-4668-BE54-9A1E7A4F7556}") = "22Inheritance", "22Inheritance\22Inheritance.csproj", "{EF4D1F8D-A03E-4BAE-9E8B-956AD9BCAB15}"
EndProject
Project("{9A19103F-16F7-4668-BE54-9A1E7A4F7556}") = "23GhostBusters", "23GhostBusters\23GhostBusters.csproj", "{8A859C7C-DC74-4DAB-A8A1-DCADE016F53D}"
EndProject
Project("{9A19103F-16F7-4668-BE54-9A1E7A4F7556}") = "HÜ09", "HÜ09\HÜ09.csproj", "{05F28018-FE37-497B-9371-07658429859C}"
EndProject
Project("{9A19103F-16F7-4668-BE54-9A1E7A4F7556}") = "HÜ10", "HÜ10\HÜ10.csproj", "{92A07037-D253-4A3F-8CB2-411EFA1618BB}"
EndProject
Project("{9A19103F-16F7-4668-BE54-9A1E7A4F7556}") = "24MatheTrainer", "24MatheTrainer\24MatheTrainer.csproj", "{A90CB304-27D4-48C1-B506-B7A289877998}"
EndProject
Project("{9A19103F-16F7-4668-BE54-9A1E7A4F7556}") = "25First_GUI", "First_GUI\25First_GUI.csproj", "{A6977382-2A28-48D6-B78D-831B02E0DFE9}"
EndProject
Global
	GlobalSection(SolutionConfigurationPlatforms) = preSolution
		Debug|Any CPU = Debug|Any CPU
		Release|Any CPU = Release|Any CPU
	EndGlobalSection
	GlobalSection(ProjectConfigurationPlatforms) = postSolution
		{75B362A1-521C-4EBA-9C62-8DE8D65EC7F2}.Debug|Any CPU.ActiveCfg = Debug|Any CPU
		{75B362A1-521C-4EBA-9C62-8DE8D65EC7F2}.Debug|Any CPU.Build.0 = Debug|Any CPU
		{75B362A1-521C-4EBA-9C62-8DE8D65EC7F2}.Release|Any CPU.ActiveCfg = Release|Any CPU
		{75B362A1-521C-4EBA-9C62-8DE8D65EC7F2}.Release|Any CPU.Build.0 = Release|Any CPU
		{349E7A64-EA0C-4B91-BFA4-3E8F4D1D58E2}.Debug|Any CPU.ActiveCfg = Debug|Any CPU
		{349E7A64-EA0C-4B91-BFA4-3E8F4D1D58E2}.Debug|Any CPU.Build.0 = Debug|Any CPU
		{349E7A64-EA0C-4B91-BFA4-3E8F4D1D58E2}.Release|Any CPU.ActiveCfg = Release|Any CPU
		{349E7A64-EA0C-4B91-BFA4-3E8F4D1D58E2}.Release|Any CPU.Build.0 = Release|Any CPU
		{5EBD6468-63E9-480D-8E25-2810BED35FE9}.Debug|Any CPU.ActiveCfg = Debug|Any CPU
		{5EBD6468-63E9-480D-8E25-2810BED35FE9}.Debug|Any CPU.Build.0 = Debug|Any CPU
		{5EBD6468-63E9-480D-8E25-2810BED35FE9}.Release|Any CPU.ActiveCfg = Release|Any CPU
		{5EBD6468-63E9-480D-8E25-2810BED35FE9}.Release|Any CPU.Build.0 = Release|Any CPU
		{B4AD9D18-1E8C-4B3E-8743-11BC959409F4}.Debug|Any CPU.ActiveCfg = Debug|Any CPU
		{B4AD9D18-1E8C-4B3E-8743-11BC959409F4}.Debug|Any CPU.Build.0 = Debug|Any CPU
		{B4AD9D18-1E8C-4B3E-8743-11BC959409F4}.Release|Any CPU.ActiveCfg = Release|Any CPU
		{B4AD9D18-1E8C-4B3E-8743-11BC959409F4}.Release|Any CPU.Build.0 = Release|Any CPU
		{5749A4BF-7878-4661-90F2-8745CD1A22B1}.Debug|Any CPU.ActiveCfg = Debug|Any CPU
		{5749A4BF-7878-4661-90F2-8745CD1A22B1}.Debug|Any CPU.Build.0 = Debug|Any CPU
		{5749A4BF-7878-4661-90F2-8745CD1A22B1}.Release|Any CPU.ActiveCfg = Release|Any CPU
		{5749A4BF-7878-4661-90F2-8745CD1A22B1}.Release|Any CPU.Build.0 = Release|Any CPU
		{5096FFCA-AA6E-4AE6-9C9D-8D4503921D21}.Debug|Any CPU.ActiveCfg = Debug|Any CPU
		{5096FFCA-AA6E-4AE6-9C9D-8D4503921D21}.Debug|Any CPU.Build.0 = Debug|Any CPU
		{5096FFCA-AA6E-4AE6-9C9D-8D4503921D21}.Release|Any CPU.ActiveCfg = Release|Any CPU
		{5096FFCA-AA6E-4AE6-9C9D-8D4503921D21}.Release|Any CPU.Build.0 = Release|Any CPU
		{C8F8C152-3173-43B5-9128-5933DC0CA4E8}.Debug|Any CPU.ActiveCfg = Debug|Any CPU
		{C8F8C152-3173-43B5-9128-5933DC0CA4E8}.Debug|Any CPU.Build.0 = Debug|Any CPU
		{C8F8C152-3173-43B5-9128-5933DC0CA4E8}.Release|Any CPU.ActiveCfg = Release|Any CPU
		{C8F8C152-3173-43B5-9128-5933DC0CA4E8}.Release|Any CPU.Build.0 = Release|Any CPU
		{09220AB0-BB54-4D7A-9AF1-C6AC88A27AA4}.Debug|Any CPU.ActiveCfg = Debug|Any CPU
		{09220AB0-BB54-4D7A-9AF1-C6AC88A27AA4}.Debug|Any CPU.Build.0 = Debug|Any CPU
		{09220AB0-BB54-4D7A-9AF1-C6AC88A27AA4}.Release|Any CPU.ActiveCfg = Release|Any CPU
		{09220AB0-BB54-4D7A-9AF1-C6AC88A27AA4}.Release|Any CPU.Build.0 = Release|Any CPU
		{84B7EF0F-36C0-4BA4-995D-6A1A2176B2E2}.Debug|Any CPU.ActiveCfg = Debug|Any CPU
		{84B7EF0F-36C0-4BA4-995D-6A1A2176B2E2}.Debug|Any CPU.Build.0 = Debug|Any CPU
		{84B7EF0F-36C0-4BA4-995D-6A1A2176B2E2}.Release|Any CPU.ActiveCfg = Release|Any CPU
		{84B7EF0F-36C0-4BA4-995D-6A1A2176B2E2}.Release|Any CPU.Build.0 = Release|Any CPU
		{514EF24D-88B4-4C90-A00D-B7A4A42D652D}.Debug|Any CPU.ActiveCfg = Debug|Any CPU
		{514EF24D-88B4-4C90-A00D-B7A4A42D652D}.Debug|Any CPU.Build.0 = Debug|Any CPU
		{514EF24D-88B4-4C90-A00D-B7A4A42D652D}.Release|Any CPU.ActiveCfg = Release|Any CPU
		{514EF24D-88B4-4C90-A00D-B7A4A42D652D}.Release|Any CPU.Build.0 = Release|Any CPU
		{330BFE0F-7E99-4389-9A4B-D833CB212E49}.Debug|Any CPU.ActiveCfg = Debug|Any CPU
		{330BFE0F-7E99-4389-9A4B-D833CB212E49}.Debug|Any CPU.Build.0 = Debug|Any CPU
		{330BFE0F-7E99-4389-9A4B-D833CB212E49}.Release|Any CPU.ActiveCfg = Release|Any CPU
		{330BFE0F-7E99-4389-9A4B-D833CB212E49}.Release|Any CPU.Build.0 = Release|Any CPU
		{B914889C-48FF-4AF1-8853-DA87C752162D}.Debug|Any CPU.ActiveCfg = Debug|Any CPU
		{B914889C-48FF-4AF1-8853-DA87C752162D}.Debug|Any CPU.Build.0 = Debug|Any CPU
		{B914889C-48FF-4AF1-8853-DA87C752162D}.Release|Any CPU.ActiveCfg = Release|Any CPU
		{B914889C-48FF-4AF1-8853-DA87C752162D}.Release|Any CPU.Build.0 = Release|Any CPU
		{8044C018-6E69-4C6B-812F-21964433B77D}.Debug|Any CPU.ActiveCfg = Debug|Any CPU
		{8044C018-6E69-4C6B-812F-21964433B77D}.Debug|Any CPU.Build.0 = Debug|Any CPU
		{8044C018-6E69-4C6B-812F-21964433B77D}.Release|Any CPU.ActiveCfg = Release|Any CPU
		{8044C018-6E69-4C6B-812F-21964433B77D}.Release|Any CPU.Build.0 = Release|Any CPU
		{DD4D95AC-5E07-4C13-9147-968031177CAC}.Debug|Any CPU.ActiveCfg = Debug|Any CPU
		{DD4D95AC-5E07-4C13-9147-968031177CAC}.Debug|Any CPU.Build.0 = Debug|Any CPU
		{DD4D95AC-5E07-4C13-9147-968031177CAC}.Release|Any CPU.ActiveCfg = Release|Any CPU
		{DD4D95AC-5E07-4C13-9147-968031177CAC}.Release|Any CPU.Build.0 = Release|Any CPU
		{64FE58A1-15FC-4F6C-812C-4E5D86EF7A37}.Debug|Any CPU.ActiveCfg = Debug|Any CPU
		{64FE58A1-15FC-4F6C-812C-4E5D86EF7A37}.Debug|Any CPU.Build.0 = Debug|Any CPU
		{64FE58A1-15FC-4F6C-812C-4E5D86EF7A37}.Release|Any CPU.ActiveCfg = Release|Any CPU
		{64FE58A1-15FC-4F6C-812C-4E5D86EF7A37}.Release|Any CPU.Build.0 = Release|Any CPU
		{3C9534B9-537C-457D-804C-E487FB5B3F18}.Debug|Any CPU.ActiveCfg = Debug|Any CPU
		{3C9534B9-537C-457D-804C-E487FB5B3F18}.Debug|Any CPU.Build.0 = Debug|Any CPU
		{3C9534B9-537C-457D-804C-E487FB5B3F18}.Release|Any CPU.ActiveCfg = Release|Any CPU
		{3C9534B9-537C-457D-804C-E487FB5B3F18}.Release|Any CPU.Build.0 = Release|Any CPU
		{FA084F46-EEFB-4FCE-A818-944D4F133B48}.Debug|Any CPU.ActiveCfg = Debug|Any CPU
		{FA084F46-EEFB-4FCE-A818-944D4F133B48}.Debug|Any CPU.Build.0 = Debug|Any CPU
		{FA084F46-EEFB-4FCE-A818-944D4F133B48}.Release|Any CPU.ActiveCfg = Release|Any CPU
		{FA084F46-EEFB-4FCE-A818-944D4F133B48}.Release|Any CPU.Build.0 = Release|Any CPU
		{85BFCACC-FB1E-41EB-A7A8-247E19266CF3}.Debug|Any CPU.ActiveCfg = Debug|Any CPU
		{85BFCACC-FB1E-41EB-A7A8-247E19266CF3}.Debug|Any CPU.Build.0 = Debug|Any CPU
		{85BFCACC-FB1E-41EB-A7A8-247E19266CF3}.Release|Any CPU.ActiveCfg = Release|Any CPU
		{85BFCACC-FB1E-41EB-A7A8-247E19266CF3}.Release|Any CPU.Build.0 = Release|Any CPU
		{AAA67BA0-4A06-4DE1-A12C-2D6BB21E8007}.Debug|Any CPU.ActiveCfg = Debug|Any CPU
		{AAA67BA0-4A06-4DE1-A12C-2D6BB21E8007}.Debug|Any CPU.Build.0 = Debug|Any CPU
		{AAA67BA0-4A06-4DE1-A12C-2D6BB21E8007}.Release|Any CPU.ActiveCfg = Release|Any CPU
		{AAA67BA0-4A06-4DE1-A12C-2D6BB21E8007}.Release|Any CPU.Build.0 = Release|Any CPU
		{CD013AE1-F227-439F-9C55-3CED63C5A509}.Debug|Any CPU.ActiveCfg = Debug|Any CPU
		{CD013AE1-F227-439F-9C55-3CED63C5A509}.Debug|Any CPU.Build.0 = Debug|Any CPU
		{CD013AE1-F227-439F-9C55-3CED63C5A509}.Release|Any CPU.ActiveCfg = Release|Any CPU
		{CD013AE1-F227-439F-9C55-3CED63C5A509}.Release|Any CPU.Build.0 = Release|Any CPU
		{6C78758F-CFDF-49F9-942A-CCA03888171B}.Debug|Any CPU.ActiveCfg = Debug|Any CPU
		{6C78758F-CFDF-49F9-942A-CCA03888171B}.Debug|Any CPU.Build.0 = Debug|Any CPU
		{6C78758F-CFDF-49F9-942A-CCA03888171B}.Release|Any CPU.ActiveCfg = Release|Any CPU
		{6C78758F-CFDF-49F9-942A-CCA03888171B}.Release|Any CPU.Build.0 = Release|Any CPU
		{38614E11-191E-4332-9830-25B26BF21229}.Debug|Any CPU.ActiveCfg = Debug|Any CPU
		{38614E11-191E-4332-9830-25B26BF21229}.Debug|Any CPU.Build.0 = Debug|Any CPU
		{38614E11-191E-4332-9830-25B26BF21229}.Release|Any CPU.ActiveCfg = Release|Any CPU
		{38614E11-191E-4332-9830-25B26BF21229}.Release|Any CPU.Build.0 = Release|Any CPU
		{3C512315-92C7-40F6-985E-5B0A78E506EF}.Debug|Any CPU.ActiveCfg = Debug|Any CPU
		{3C512315-92C7-40F6-985E-5B0A78E506EF}.Debug|Any CPU.Build.0 = Debug|Any CPU
		{3C512315-92C7-40F6-985E-5B0A78E506EF}.Release|Any CPU.ActiveCfg = Release|Any CPU
		{3C512315-92C7-40F6-985E-5B0A78E506EF}.Release|Any CPU.Build.0 = Release|Any CPU
		{3A84E5BF-4D3B-4F7D-B638-6DB9D64D7326}.Debug|Any CPU.ActiveCfg = Debug|Any CPU
		{3A84E5BF-4D3B-4F7D-B638-6DB9D64D7326}.Debug|Any CPU.Build.0 = Debug|Any CPU
		{3A84E5BF-4D3B-4F7D-B638-6DB9D64D7326}.Release|Any CPU.ActiveCfg = Release|Any CPU
		{3A84E5BF-4D3B-4F7D-B638-6DB9D64D7326}.Release|Any CPU.Build.0 = Release|Any CPU
		{68A82682-5B9E-4BF6-88F2-EAE66AD40D2D}.Debug|Any CPU.ActiveCfg = Debug|Any CPU
		{68A82682-5B9E-4BF6-88F2-EAE66AD40D2D}.Debug|Any CPU.Build.0 = Debug|Any CPU
		{68A82682-5B9E-4BF6-88F2-EAE66AD40D2D}.Release|Any CPU.ActiveCfg = Release|Any CPU
		{68A82682-5B9E-4BF6-88F2-EAE66AD40D2D}.Release|Any CPU.Build.0 = Release|Any CPU
		{B67A5401-CE9F-4722-BFBD-4EDDC1E3EC76}.Debug|Any CPU.ActiveCfg = Debug|Any CPU
		{B67A5401-CE9F-4722-BFBD-4EDDC1E3EC76}.Debug|Any CPU.Build.0 = Debug|Any CPU
		{B67A5401-CE9F-4722-BFBD-4EDDC1E3EC76}.Release|Any CPU.ActiveCfg = Release|Any CPU
		{B67A5401-CE9F-4722-BFBD-4EDDC1E3EC76}.Release|Any CPU.Build.0 = Release|Any CPU
		{838DC07A-64C0-4B63-9EA9-C7D74AFB839E}.Debug|Any CPU.ActiveCfg = Debug|Any CPU
		{838DC07A-64C0-4B63-9EA9-C7D74AFB839E}.Debug|Any CPU.Build.0 = Debug|Any CPU
		{838DC07A-64C0-4B63-9EA9-C7D74AFB839E}.Release|Any CPU.ActiveCfg = Release|Any CPU
		{838DC07A-64C0-4B63-9EA9-C7D74AFB839E}.Release|Any CPU.Build.0 = Release|Any CPU
		{4E2DE762-E0F6-45AD-B1C9-39878994BE8D}.Debug|Any CPU.ActiveCfg = Debug|Any CPU
		{4E2DE762-E0F6-45AD-B1C9-39878994BE8D}.Debug|Any CPU.Build.0 = Debug|Any CPU
		{4E2DE762-E0F6-45AD-B1C9-39878994BE8D}.Release|Any CPU.ActiveCfg = Release|Any CPU
		{4E2DE762-E0F6-45AD-B1C9-39878994BE8D}.Release|Any CPU.Build.0 = Release|Any CPU
		{2110261E-D792-4050-BC81-738504AE2615}.Debug|Any CPU.ActiveCfg = Debug|Any CPU
		{2110261E-D792-4050-BC81-738504AE2615}.Debug|Any CPU.Build.0 = Debug|Any CPU
		{2110261E-D792-4050-BC81-738504AE2615}.Release|Any CPU.ActiveCfg = Release|Any CPU
		{2110261E-D792-4050-BC81-738504AE2615}.Release|Any CPU.Build.0 = Release|Any CPU
		{48CB1ED2-4224-4998-957D-6D2C8AFEB7F2}.Debug|Any CPU.ActiveCfg = Debug|Any CPU
		{48CB1ED2-4224-4998-957D-6D2C8AFEB7F2}.Debug|Any CPU.Build.0 = Debug|Any CPU
		{48CB1ED2-4224-4998-957D-6D2C8AFEB7F2}.Release|Any CPU.ActiveCfg = Release|Any CPU
		{48CB1ED2-4224-4998-957D-6D2C8AFEB7F2}.Release|Any CPU.Build.0 = Release|Any CPU
		{C01F8224-92DC-488A-BF7D-54B8F7466DFC}.Debug|Any CPU.ActiveCfg = Debug|Any CPU
		{C01F8224-92DC-488A-BF7D-54B8F7466DFC}.Debug|Any CPU.Build.0 = Debug|Any CPU
		{C01F8224-92DC-488A-BF7D-54B8F7466DFC}.Release|Any CPU.ActiveCfg = Release|Any CPU
		{C01F8224-92DC-488A-BF7D-54B8F7466DFC}.Release|Any CPU.Build.0 = Release|Any CPU
		{A95447CF-7E03-4C86-8EDC-E2A969795913}.Debug|Any CPU.ActiveCfg = Debug|Any CPU
		{A95447CF-7E03-4C86-8EDC-E2A969795913}.Debug|Any CPU.Build.0 = Debug|Any CPU
		{A95447CF-7E03-4C86-8EDC-E2A969795913}.Release|Any CPU.ActiveCfg = Release|Any CPU
		{A95447CF-7E03-4C86-8EDC-E2A969795913}.Release|Any CPU.Build.0 = Release|Any CPU
		{6ED4A5CE-4F80-4B1C-AB9B-691EF6E27D61}.Debug|Any CPU.ActiveCfg = Debug|Any CPU
		{6ED4A5CE-4F80-4B1C-AB9B-691EF6E27D61}.Debug|Any CPU.Build.0 = Debug|Any CPU
		{6ED4A5CE-4F80-4B1C-AB9B-691EF6E27D61}.Release|Any CPU.ActiveCfg = Release|Any CPU
		{6ED4A5CE-4F80-4B1C-AB9B-691EF6E27D61}.Release|Any CPU.Build.0 = Release|Any CPU
		{7DED6BBF-650C-4514-9007-E83BAB9C249B}.Debug|Any CPU.ActiveCfg = Debug|Any CPU
		{7DED6BBF-650C-4514-9007-E83BAB9C249B}.Debug|Any CPU.Build.0 = Debug|Any CPU
		{7DED6BBF-650C-4514-9007-E83BAB9C249B}.Release|Any CPU.ActiveCfg = Release|Any CPU
		{7DED6BBF-650C-4514-9007-E83BAB9C249B}.Release|Any CPU.Build.0 = Release|Any CPU
		{86AA0E7D-06A5-4AA5-845F-5DC658D2B5C7}.Debug|Any CPU.ActiveCfg = Debug|Any CPU
		{86AA0E7D-06A5-4AA5-845F-5DC658D2B5C7}.Debug|Any CPU.Build.0 = Debug|Any CPU
		{86AA0E7D-06A5-4AA5-845F-5DC658D2B5C7}.Release|Any CPU.ActiveCfg = Release|Any CPU
		{86AA0E7D-06A5-4AA5-845F-5DC658D2B5C7}.Release|Any CPU.Build.0 = Release|Any CPU
		{11EC094D-BBF9-4806-B674-A5784D54DD0C}.Debug|Any CPU.ActiveCfg = Debug|Any CPU
		{11EC094D-BBF9-4806-B674-A5784D54DD0C}.Debug|Any CPU.Build.0 = Debug|Any CPU
		{11EC094D-BBF9-4806-B674-A5784D54DD0C}.Release|Any CPU.ActiveCfg = Release|Any CPU
		{11EC094D-BBF9-4806-B674-A5784D54DD0C}.Release|Any CPU.Build.0 = Release|Any CPU
		{EF4D1F8D-A03E-4BAE-9E8B-956AD9BCAB15}.Debug|Any CPU.ActiveCfg = Debug|Any CPU
		{EF4D1F8D-A03E-4BAE-9E8B-956AD9BCAB15}.Debug|Any CPU.Build.0 = Debug|Any CPU
		{EF4D1F8D-A03E-4BAE-9E8B-956AD9BCAB15}.Release|Any CPU.ActiveCfg = Release|Any CPU
		{EF4D1F8D-A03E-4BAE-9E8B-956AD9BCAB15}.Release|Any CPU.Build.0 = Release|Any CPU
		{8A859C7C-DC74-4DAB-A8A1-DCADE016F53D}.Debug|Any CPU.ActiveCfg = Debug|Any CPU
		{8A859C7C-DC74-4DAB-A8A1-DCADE016F53D}.Debug|Any CPU.Build.0 = Debug|Any CPU
		{8A859C7C-DC74-4DAB-A8A1-DCADE016F53D}.Release|Any CPU.ActiveCfg = Release|Any CPU
		{8A859C7C-DC74-4DAB-A8A1-DCADE016F53D}.Release|Any CPU.Build.0 = Release|Any CPU
		{05F28018-FE37-497B-9371-07658429859C}.Debug|Any CPU.ActiveCfg = Debug|Any CPU
		{05F28018-FE37-497B-9371-07658429859C}.Debug|Any CPU.Build.0 = Debug|Any CPU
		{05F28018-FE37-497B-9371-07658429859C}.Release|Any CPU.ActiveCfg = Release|Any CPU
		{05F28018-FE37-497B-9371-07658429859C}.Release|Any CPU.Build.0 = Release|Any CPU
		{92A07037-D253-4A3F-8CB2-411EFA1618BB}.Debug|Any CPU.ActiveCfg = Debug|Any CPU
		{92A07037-D253-4A3F-8CB2-411EFA1618BB}.Debug|Any CPU.Build.0 = Debug|Any CPU
		{92A07037-D253-4A3F-8CB2-411EFA1618BB}.Release|Any CPU.ActiveCfg = Release|Any CPU
		{92A07037-D253-4A3F-8CB2-411EFA1618BB}.Release|Any CPU.Build.0 = Release|Any CPU
		{A90CB304-27D4-48C1-B506-B7A289877998}.Debug|Any CPU.ActiveCfg = Debug|Any CPU
		{A90CB304-27D4-48C1-B506-B7A289877998}.Debug|Any CPU.Build.0 = Debug|Any CPU
		{A90CB304-27D4-48C1-B506-B7A289877998}.Release|Any CPU.ActiveCfg = Release|Any CPU
		{A90CB304-27D4-48C1-B506-B7A289877998}.Release|Any CPU.Build.0 = Release|Any CPU
		{A6977382-2A28-48D6-B78D-831B02E0DFE9}.Debug|Any CPU.ActiveCfg = Debug|Any CPU
		{A6977382-2A28-48D6-B78D-831B02E0DFE9}.Debug|Any CPU.Build.0 = Debug|Any CPU
		{A6977382-2A28-48D6-B78D-831B02E0DFE9}.Release|Any CPU.ActiveCfg = Release|Any CPU
		{A6977382-2A28-48D6-B78D-831B02E0DFE9}.Release|Any CPU.Build.0 = Release|Any CPU
	EndGlobalSection
	GlobalSection(SolutionProperties) = preSolution
		HideSolutionNode = FALSE
	EndGlobalSection
	GlobalSection(NestedProjects) = preSolution
		{5EBD6468-63E9-480D-8E25-2810BED35FE9} = {8250C070-CC47-45FD-BCB8-0F31E9A4B6DA}
		{B4AD9D18-1E8C-4B3E-8743-11BC959409F4} = {8250C070-CC47-45FD-BCB8-0F31E9A4B6DA}
		{C8F8C152-3173-43B5-9128-5933DC0CA4E8} = {8250C070-CC47-45FD-BCB8-0F31E9A4B6DA}
		{8044C018-6E69-4C6B-812F-21964433B77D} = {8250C070-CC47-45FD-BCB8-0F31E9A4B6DA}
		{FA084F46-EEFB-4FCE-A818-944D4F133B48} = {C649E46C-7840-45E6-8B9B-CFBD59C2628D}
		{85BFCACC-FB1E-41EB-A7A8-247E19266CF3} = {C649E46C-7840-45E6-8B9B-CFBD59C2628D}
		{AAA67BA0-4A06-4DE1-A12C-2D6BB21E8007} = {C649E46C-7840-45E6-8B9B-CFBD59C2628D}
		{CD013AE1-F227-439F-9C55-3CED63C5A509} = {8250C070-CC47-45FD-BCB8-0F31E9A4B6DA}
		{6C78758F-CFDF-49F9-942A-CCA03888171B} = {C649E46C-7840-45E6-8B9B-CFBD59C2628D}
		{38614E11-191E-4332-9830-25B26BF21229} = {C649E46C-7840-45E6-8B9B-CFBD59C2628D}
		{3C512315-92C7-40F6-985E-5B0A78E506EF} = {C649E46C-7840-45E6-8B9B-CFBD59C2628D}
		{3A84E5BF-4D3B-4F7D-B638-6DB9D64D7326} = {C649E46C-7840-45E6-8B9B-CFBD59C2628D}
		{68A82682-5B9E-4BF6-88F2-EAE66AD40D2D} = {C649E46C-7840-45E6-8B9B-CFBD59C2628D}
		{B67A5401-CE9F-4722-BFBD-4EDDC1E3EC76} = {C649E46C-7840-45E6-8B9B-CFBD59C2628D}
		{838DC07A-64C0-4B63-9EA9-C7D74AFB839E} = {C649E46C-7840-45E6-8B9B-CFBD59C2628D}
		{4E2DE762-E0F6-45AD-B1C9-39878994BE8D} = {C649E46C-7840-45E6-8B9B-CFBD59C2628D}
		{2110261E-D792-4050-BC81-738504AE2615} = {C649E46C-7840-45E6-8B9B-CFBD59C2628D}
		{48CB1ED2-4224-4998-957D-6D2C8AFEB7F2} = {C649E46C-7840-45E6-8B9B-CFBD59C2628D}
		{C01F8224-92DC-488A-BF7D-54B8F7466DFC} = {C649E46C-7840-45E6-8B9B-CFBD59C2628D}
		{A95447CF-7E03-4C86-8EDC-E2A969795913} = {C649E46C-7840-45E6-8B9B-CFBD59C2628D}
		{86AA0E7D-06A5-4AA5-845F-5DC658D2B5C7} = {5CE2E35D-11EE-44DF-8833-D8C4ADB99222}
		{11EC094D-BBF9-4806-B674-A5784D54DD0C} = {5CE2E35D-11EE-44DF-8833-D8C4ADB99222}
		{05F28018-FE37-497B-9371-07658429859C} = {8250C070-CC47-45FD-BCB8-0F31E9A4B6DA}
		{92A07037-D253-4A3F-8CB2-411EFA1618BB} = {8250C070-CC47-45FD-BCB8-0F31E9A4B6DA}
	EndGlobalSection
	GlobalSection(ExtensibilityGlobals) = postSolution
		SolutionGuid = {B031CB28-2476-4798-8E24-6415A87D43E0}
	EndGlobalSection
EndGlobal
